
Microsoft Visual Studio Solution File, Format Version 12.00
# Visual Studio 14
VisualStudioVersion = 14.0.25420.1
MinimumVisualStudioVersion = 10.0.40219.1
Project("{FAE04EC0-301F-11D3-BF4B-00C04F79EFBC}") = "DesignAccelerator", "DesignAccelerator\DesignAccelerator.csproj", "{F421AFA6-9F0C-4D0F-B101-8BBE46DE484D}"
EndProject
Project("{FAE04EC0-301F-11D3-BF4B-00C04F79EFBC}") = "DesignAccelerator.Tests", "DesignAccelerator.Tests\DesignAccelerator.Tests.csproj", "{F68F6471-146F-4091-8E27-FC6EFF0ABA00}"
EndProject
Project("{FAE04EC0-301F-11D3-BF4B-00C04F79EFBC}") = "DA.DataAccessLayer", "DA.DataAccessLayer\DA.DataAccessLayer.csproj", "{3772F0DF-459E-4772-886D-081388884F9A}"
EndProject
Project("{FAE04EC0-301F-11D3-BF4B-00C04F79EFBC}") = "DA.DomainModel", "DA.DomainModel\DA.DomainModel.csproj", "{511248DC-8DBD-4F42-9BD5-BE82338A8328}"
EndProject
Project("{FAE04EC0-301F-11D3-BF4B-00C04F79EFBC}") = "DA.BusinessLayer", "DA.BusinessLayer\DA.BusinessLayer.csproj", "{95B66C7C-CDF7-4228-A385-AB8596E4AF9C}"
EndProject
Global
	GlobalSection(SolutionConfigurationPlatforms) = preSolution
		Debug|Any CPU = Debug|Any CPU
		Release|Any CPU = Release|Any CPU
	EndGlobalSection
	GlobalSection(ProjectConfigurationPlatforms) = postSolution
		{F421AFA6-9F0C-4D0F-B101-8BBE46DE484D}.Debug|Any CPU.ActiveCfg = Debug|Any CPU
		{F421AFA6-9F0C-4D0F-B101-8BBE46DE484D}.Debug|Any CPU.Build.0 = Debug|Any CPU
		{F421AFA6-9F0C-4D0F-B101-8BBE46DE484D}.Release|Any CPU.ActiveCfg = Release|Any CPU
		{F421AFA6-9F0C-4D0F-B101-8BBE46DE484D}.Release|Any CPU.Build.0 = Release|Any CPU
		{F68F6471-146F-4091-8E27-FC6EFF0ABA00}.Debug|Any CPU.ActiveCfg = Debug|Any CPU
		{F68F6471-146F-4091-8E27-FC6EFF0ABA00}.Debug|Any CPU.Build.0 = Debug|Any CPU
		{F68F6471-146F-4091-8E27-FC6EFF0ABA00}.Release|Any CPU.ActiveCfg = Release|Any CPU
		{F68F6471-146F-4091-8E27-FC6EFF0ABA00}.Release|Any CPU.Build.0 = Release|Any CPU
		{3772F0DF-459E-4772-886D-081388884F9A}.Debug|Any CPU.ActiveCfg = Debug|Any CPU
		{3772F0DF-459E-4772-886D-081388884F9A}.Debug|Any CPU.Build.0 = Debug|Any CPU
		{3772F0DF-459E-4772-886D-081388884F9A}.Release|Any CPU.ActiveCfg = Release|Any CPU
		{3772F0DF-459E-4772-886D-081388884F9A}.Release|Any CPU.Build.0 = Release|Any CPU
		{511248DC-8DBD-4F42-9BD5-BE82338A8328}.Debug|Any CPU.ActiveCfg = Debug|Any CPU
		{511248DC-8DBD-4F42-9BD5-BE82338A8328}.Debug|Any CPU.Build.0 = Debug|Any CPU
		{511248DC-8DBD-4F42-9BD5-BE82338A8328}.Release|Any CPU.ActiveCfg = Release|Any CPU
		{511248DC-8DBD-4F42-9BD5-BE82338A8328}.Release|Any CPU.Build.0 = Release|Any CPU
		{95B66C7C-CDF7-4228-A385-AB8596E4AF9C}.Debug|Any CPU.ActiveCfg = Debug|Any CPU
		{95B66C7C-CDF7-4228-A385-AB8596E4AF9C}.Debug|Any CPU.Build.0 = Debug|Any CPU
		{95B66C7C-CDF7-4228-A385-AB8596E4AF9C}.Release|Any CPU.ActiveCfg = Release|Any CPU
		{95B66C7C-CDF7-4228-A385-AB8596E4AF9C}.Release|Any CPU.Build.0 = Release|Any CPU
	EndGlobalSection
	GlobalSection(SolutionProperties) = preSolution
		HideSolutionNode = FALSE
	EndGlobalSection
	GlobalSection(TeamFoundationVersionControl) = preSolution
		SccNumberOfProjects = 6
		SccEnterpriseProvider = {4CA58AB2-18FA-4F8D-95D4-32DDF27D184C}
		SccTeamFoundationServer = https://pacchi.visualstudio.com/
		SccProjectUniqueName0 = DesignAccelerator\\DesignAccelerator.csproj
		SccProjectName0 = DesignAccelerator
		SccLocalPath0 = DesignAccelerator
		SccLocalPath1 = .
		SccProjectUniqueName2 = DA.BusinessLayer\\DA.BusinessLayer.csproj
		SccProjectName2 = DA.BusinessLayer
		SccLocalPath2 = DA.BusinessLayer
		SccProjectUniqueName3 = DA.DataAccessLayer\\DA.DataAccessLayer.csproj
		SccProjectName3 = DA.DataAccessLayer
		SccLocalPath3 = DA.DataAccessLayer
		SccProjectUniqueName4 = DA.DomainModel\\DA.DomainModel.csproj
		SccProjectName4 = DA.DomainModel
		SccLocalPath4 = DA.DomainModel
		SccProjectUniqueName5 = DesignAccelerator.Tests\\DesignAccelerator.Tests.csproj
		SccProjectName5 = DesignAccelerator.Tests
		SccLocalPath5 = DesignAccelerator.Tests
	EndGlobalSection
EndGlobal
